
Microsoft Visual Studio Solution File, Format Version 12.00
# Visual Studio Version 17
VisualStudioVersion = 17.8.34330.188
MinimumVisualStudioVersion = 10.0.40219.1
Project("{9A19103F-16F7-4668-BE54-9A1E7A4F7556}") = "OOP-Lab9", "OOP-Lab9.csproj", "{A8EDE74E-41C1-4CC8-9BEF-7F8A659D4EBE}"
EndProject
Global
	GlobalSection(SolutionConfigurationPlatforms) = preSolution
		Debug|Any CPU = Debug|Any CPU
		Release|Any CPU = Release|Any CPU
	EndGlobalSection
	GlobalSection(ProjectConfigurationPlatforms) = postSolution
		{A8EDE74E-41C1-4CC8-9BEF-7F8A659D4EBE}.Debug|Any CPU.ActiveCfg = Debug|Any CPU
		{A8EDE74E-41C1-4CC8-9BEF-7F8A659D4EBE}.Debug|Any CPU.Build.0 = Debug|Any CPU
		{A8EDE74E-41C1-4CC8-9BEF-7F8A659D4EBE}.Release|Any CPU.ActiveCfg = Release|Any CPU
		{A8EDE74E-41C1-4CC8-9BEF-7F8A659D4EBE}.Release|Any CPU.Build.0 = Release|Any CPU
	EndGlobalSection
	GlobalSection(SolutionProperties) = preSolution
		HideSolutionNode = FALSE
	EndGlobalSection
	GlobalSection(ExtensibilityGlobals) = postSolution
		SolutionGuid = {5A1B84D1-E79F-4CF1-9236-754AF136EF6A}
	EndGlobalSection
EndGlobal
